
Microsoft Visual Studio Solution File, Format Version 12.00
# Visual Studio 15
Project("{FAE04EC0-301F-11D3-BF4B-00C04F79EFBC}") = "SearchEngineResultsLookup", "SearchEngineResultsLookup\SearchEngineResultsLookup.csproj", "{372DDF16-1940-4A53-9414-B0977507CBFE}"
EndProject
Project("{FAE04EC0-301F-11D3-BF4B-00C04F79EFBC}") = "SearchEngineResultsLookupTest", "SearchEngineResultsLookupTest\SearchEngineResultsLookupTest.csproj", "{0FE693AB-6C9E-435E-B7DD-57C7A0EDE509}"
EndProject
Global
	GlobalSection(SolutionConfigurationPlatforms) = preSolution
		Debug|Any CPU = Debug|Any CPU
		Release|Any CPU = Release|Any CPU
	EndGlobalSection
	GlobalSection(ProjectConfigurationPlatforms) = postSolution
		{372DDF16-1940-4A53-9414-B0977507CBFE}.Debug|Any CPU.ActiveCfg = Debug|Any CPU
		{372DDF16-1940-4A53-9414-B0977507CBFE}.Debug|Any CPU.Build.0 = Debug|Any CPU
		{372DDF16-1940-4A53-9414-B0977507CBFE}.Release|Any CPU.ActiveCfg = Release|Any CPU
		{372DDF16-1940-4A53-9414-B0977507CBFE}.Release|Any CPU.Build.0 = Release|Any CPU
		{0FE693AB-6C9E-435E-B7DD-57C7A0EDE509}.Debug|Any CPU.ActiveCfg = Debug|Any CPU
		{0FE693AB-6C9E-435E-B7DD-57C7A0EDE509}.Debug|Any CPU.Build.0 = Debug|Any CPU
		{0FE693AB-6C9E-435E-B7DD-57C7A0EDE509}.Release|Any CPU.ActiveCfg = Release|Any CPU
		{0FE693AB-6C9E-435E-B7DD-57C7A0EDE509}.Release|Any CPU.Build.0 = Release|Any CPU
	EndGlobalSection
EndGlobal
